// !$*UTF8*$!
{
	archiveVersion = 1;
	classes = {
	};
	objectVersion = 46;
	objects = {

/* Begin PBXBuildFile section */
		1EDB822CDA6033EB4B656EE0 /* DefaultChatMessagesSender.swift in Sources */ = {isa = PBXBuildFile; fileRef = 1EDB831DB500B5854E5DFB76 /* DefaultChatMessagesSender.swift */; };
		1EDB8D94A0B5926BC6EFE11F /* DefaultChatMessagesSenderSpec.swift in Sources */ = {isa = PBXBuildFile; fileRef = 1EDB8C8123DC867DA7EDBC1E /* DefaultChatMessagesSenderSpec.swift */; };
		437B0B691CF08B9B004F4204 /* RegistrationViewController.xib in Resources */ = {isa = PBXBuildFile; fileRef = 437B0B681CF08B9B004F4204 /* RegistrationViewController.xib */; };
		43A40BC41CD8FCB500488D42 /* ChatTableViewCell.xib in Resources */ = {isa = PBXBuildFile; fileRef = 43A40BC31CD8FCB500488D42 /* ChatTableViewCell.xib */; };
		7A840A9B92E97F66461EDB53 /* Pods_UIKonfSpecs.framework in Frameworks */ = {isa = PBXBuildFile; fileRef = 1F09412AE3DBE7C30F6BB30B /* Pods_UIKonfSpecs.framework */; };
		B27A9153025B699FA6BE2FEB /* DefaultChatMessagesProvider.swift in Sources */ = {isa = PBXBuildFile; fileRef = B27A9E299E617C9DCF0F5C1C /* DefaultChatMessagesProvider.swift */; };
		B27A91A43A9005838B7104C1 /* main.swift in Sources */ = {isa = PBXBuildFile; fileRef = B27A9FA3AE3DE8013A548CBD /* main.swift */; };
		B27A922BB503FC1CEA96BDDC /* RegistrationViewController.swift in Sources */ = {isa = PBXBuildFile; fileRef = B27A999C236AF47285536FF3 /* RegistrationViewController.swift */; };
		B27A939123D1D433E6D334A3 /* MobileAcademyStyleSheet.swift in Sources */ = {isa = PBXBuildFile; fileRef = B27A9F339E198896D9FA2515 /* MobileAcademyStyleSheet.swift */; };
		B27A93E2000C6CDBFB4B261F /* ChatMessagesUpdaterSpec.swift in Sources */ = {isa = PBXBuildFile; fileRef = B27A9825F74CD9E375389E05 /* ChatMessagesUpdaterSpec.swift */; };
		B27A93F55967C178F3CC4E1D /* KinveyClient.swift in Sources */ = {isa = PBXBuildFile; fileRef = B27A9849D0D1701867E2D251 /* KinveyClient.swift */; };
		B27A94448029F71FA1DB7E81 /* DefaultChatMessagesProviderSpec.swift in Sources */ = {isa = PBXBuildFile; fileRef = B27A93217A03664FBCDC2AC5 /* DefaultChatMessagesProviderSpec.swift */; };
		B27A948C489AAC5C32CBFD57 /* RootViewControllerSpec.swift in Sources */ = {isa = PBXBuildFile; fileRef = B27A979A9E2ECAD5BA330462 /* RootViewControllerSpec.swift */; };
		B27A971516490A55B047191C /* ChatMessage.swift in Sources */ = {isa = PBXBuildFile; fileRef = B27A9F69A61694FD0E95A3A8 /* ChatMessage.swift */; };
		B27A9768CFF4193320E31F62 /* LaunchScreen.storyboard in Resources */ = {isa = PBXBuildFile; fileRef = B27A95444A812E7A42F141E6 /* LaunchScreen.storyboard */; };
		B27A97E3573339E3E2345DD1 /* DefaultChatMessagePresenterSpec.swift in Sources */ = {isa = PBXBuildFile; fileRef = B27A97E50E7FD916BAC8D536 /* DefaultChatMessagePresenterSpec.swift */; };
		B27A986F023FF1C97D7C3F72 /* FakeKCSAppdataStore.swift in Sources */ = {isa = PBXBuildFile; fileRef = B27A9A38399A5ADBD05697B5 /* FakeKCSAppdataStore.swift */; };
		B27A98AE27C22B77B61241E8 /* ChatViewController.swift in Sources */ = {isa = PBXBuildFile; fileRef = B27A970E3D50B77F0E96B00C /* ChatViewController.swift */; };
		B27A991D0CF4556A8A90AB98 /* FakeChatMessagesUpdater.swift in Sources */ = {isa = PBXBuildFile; fileRef = B27A95BA58441CB66F1E8CC5 /* FakeChatMessagesUpdater.swift */; };
		B27A9A8F0BBE06E70BB5E177 /* DefaultChatMessagePresenter.swift in Sources */ = {isa = PBXBuildFile; fileRef = B27A9B29BDC4C309C082C252 /* DefaultChatMessagePresenter.swift */; };
		B27A9A91F6398FC28AB879BE /* FakeKinveyClient.swift in Sources */ = {isa = PBXBuildFile; fileRef = B27A9ADDE170BA1A6E4E72CB /* FakeKinveyClient.swift */; };
		B27A9BBCB663409592CCE0CF /* ChatViewControllerSpec.swift in Sources */ = {isa = PBXBuildFile; fileRef = B27A94E4BE8B218D135200FD /* ChatViewControllerSpec.swift */; };
		B27A9BC37A7131F6BB6A7BB5 /* RootViewController.swift in Sources */ = {isa = PBXBuildFile; fileRef = B27A96106A2C16DF90F29EC7 /* RootViewController.swift */; };
		B27A9BD95F15929E428CB328 /* AppDelegateSpec.swift in Sources */ = {isa = PBXBuildFile; fileRef = B27A9CBBDE9491E92A22EC40 /* AppDelegateSpec.swift */; };
		B27A9D0FD6BC839DFD6C8529 /* Assets.xcassets in Resources */ = {isa = PBXBuildFile; fileRef = B27A9E39304421F191E9CD42 /* Assets.xcassets */; };
		B27A9EC77FD0FF36CCE8A7AB /* AppDelegate.swift in Sources */ = {isa = PBXBuildFile; fileRef = B27A9D1B07AB3C44C3BC9D92 /* AppDelegate.swift */; };
		B27A9F39FB9D811F0F4B941F /* UIViewExtension.swift in Sources */ = {isa = PBXBuildFile; fileRef = B27A9A1D41033B1852F00DD1 /* UIViewExtension.swift */; };
		B27A9FDA543B8C2AFB04FF07 /* ChatMessagesUpdater.swift in Sources */ = {isa = PBXBuildFile; fileRef = B27A98B616E0F28EF7E2AB65 /* ChatMessagesUpdater.swift */; };
		D16B82B074F1C2F50372E0B2 /* Pods_UIKonf.framework in Frameworks */ = {isa = PBXBuildFile; fileRef = CF77477B1D157D3997D6A846 /* Pods_UIKonf.framework */; };
/* End PBXBuildFile section */

/* Begin PBXContainerItemProxy section */
		4357E2371CCD065F004730FD /* PBXContainerItemProxy */ = {
			isa = PBXContainerItemProxy;
			containerPortal = 4357E20F1CCD0612004730FD /* Project object */;
			proxyType = 1;
			remoteGlobalIDString = 4357E2161CCD0613004730FD;
			remoteInfo = UIKonf;
		};
/* End PBXContainerItemProxy section */

/* Begin PBXFileReference section */
		1EDB831DB500B5854E5DFB76 /* DefaultChatMessagesSender.swift */ = {isa = PBXFileReference; fileEncoding = 4; lastKnownFileType = sourcecode.swift; path = DefaultChatMessagesSender.swift; sourceTree = "<group>"; };
		1EDB8C8123DC867DA7EDBC1E /* DefaultChatMessagesSenderSpec.swift */ = {isa = PBXFileReference; fileEncoding = 4; lastKnownFileType = sourcecode.swift; path = DefaultChatMessagesSenderSpec.swift; sourceTree = "<group>"; };
		1F09412AE3DBE7C30F6BB30B /* Pods_UIKonfSpecs.framework */ = {isa = PBXFileReference; explicitFileType = wrapper.framework; includeInIndex = 0; path = Pods_UIKonfSpecs.framework; sourceTree = BUILT_PRODUCTS_DIR; };
		229477A8215AB044BBFA42B5 /* Pods-UIKonf.debug.xcconfig */ = {isa = PBXFileReference; includeInIndex = 1; lastKnownFileType = text.xcconfig; name = "Pods-UIKonf.debug.xcconfig"; path = "Pods/Target Support Files/Pods-UIKonf/Pods-UIKonf.debug.xcconfig"; sourceTree = "<group>"; };
		313F169BCE9F3788FBABD2D9 /* Pods-UIKonfSpecs.debug.xcconfig */ = {isa = PBXFileReference; includeInIndex = 1; lastKnownFileType = text.xcconfig; name = "Pods-UIKonfSpecs.debug.xcconfig"; path = "Pods/Target Support Files/Pods-UIKonfSpecs/Pods-UIKonfSpecs.debug.xcconfig"; sourceTree = "<group>"; };
		4357E2171CCD0613004730FD /* UIKonf.app */ = {isa = PBXFileReference; explicitFileType = wrapper.application; includeInIndex = 0; path = UIKonf.app; sourceTree = BUILT_PRODUCTS_DIR; };
		4357E2321CCD065F004730FD /* UIKonfSpecs.xctest */ = {isa = PBXFileReference; explicitFileType = wrapper.cfbundle; includeInIndex = 0; path = UIKonfSpecs.xctest; sourceTree = BUILT_PRODUCTS_DIR; };
		4357E2361CCD065F004730FD /* Info.plist */ = {isa = PBXFileReference; lastKnownFileType = text.plist.xml; path = Info.plist; sourceTree = "<group>"; };
		437B0B681CF08B9B004F4204 /* RegistrationViewController.xib */ = {isa = PBXFileReference; fileEncoding = 4; lastKnownFileType = file.xib; path = RegistrationViewController.xib; sourceTree = "<group>"; };
		43A40BC31CD8FCB500488D42 /* ChatTableViewCell.xib */ = {isa = PBXFileReference; fileEncoding = 4; lastKnownFileType = file.xib; path = ChatTableViewCell.xib; sourceTree = "<group>"; };
		9937B5DC2285EC7597E8D1AD /* Pods-UIKonf.release.xcconfig */ = {isa = PBXFileReference; includeInIndex = 1; lastKnownFileType = text.xcconfig; name = "Pods-UIKonf.release.xcconfig"; path = "Pods/Target Support Files/Pods-UIKonf/Pods-UIKonf.release.xcconfig"; sourceTree = "<group>"; };
		B27A919EA983473CEC0D70DA /* Base */ = {isa = PBXFileReference; lastKnownFileType = file.storyboard; name = Base; path = UIKonf/Base.lproj/LaunchScreen.storyboard; sourceTree = SOURCE_ROOT; };
		B27A91F262BBB86152045C65 /* Info.plist */ = {isa = PBXFileReference; fileEncoding = 4; lastKnownFileType = text.plist.info; path = Info.plist; sourceTree = "<group>"; };
		B27A92CAE7610D2F0DCE9343 /* UIKonf-Bridging-Header.h */ = {isa = PBXFileReference; fileEncoding = 4; lastKnownFileType = sourcecode.c.h; path = "UIKonf-Bridging-Header.h"; sourceTree = "<group>"; };
		B27A93217A03664FBCDC2AC5 /* DefaultChatMessagesProviderSpec.swift */ = {isa = PBXFileReference; fileEncoding = 4; lastKnownFileType = sourcecode.swift; path = DefaultChatMessagesProviderSpec.swift; sourceTree = "<group>"; };
		B27A94E4BE8B218D135200FD /* ChatViewControllerSpec.swift */ = {isa = PBXFileReference; fileEncoding = 4; lastKnownFileType = sourcecode.swift; path = ChatViewControllerSpec.swift; sourceTree = "<group>"; };
		B27A95BA58441CB66F1E8CC5 /* FakeChatMessagesUpdater.swift */ = {isa = PBXFileReference; fileEncoding = 4; lastKnownFileType = sourcecode.swift; path = FakeChatMessagesUpdater.swift; sourceTree = "<group>"; };
		B27A96106A2C16DF90F29EC7 /* RootViewController.swift */ = {isa = PBXFileReference; fileEncoding = 4; lastKnownFileType = sourcecode.swift; path = RootViewController.swift; sourceTree = "<group>"; };
		B27A970E3D50B77F0E96B00C /* ChatViewController.swift */ = {isa = PBXFileReference; fileEncoding = 4; lastKnownFileType = sourcecode.swift; path = ChatViewController.swift; sourceTree = "<group>"; };
		B27A979A9E2ECAD5BA330462 /* RootViewControllerSpec.swift */ = {isa = PBXFileReference; fileEncoding = 4; lastKnownFileType = sourcecode.swift; path = RootViewControllerSpec.swift; sourceTree = "<group>"; };
		B27A97E50E7FD916BAC8D536 /* DefaultChatMessagePresenterSpec.swift */ = {isa = PBXFileReference; fileEncoding = 4; lastKnownFileType = sourcecode.swift; path = DefaultChatMessagePresenterSpec.swift; sourceTree = "<group>"; };
		B27A9825F74CD9E375389E05 /* ChatMessagesUpdaterSpec.swift */ = {isa = PBXFileReference; fileEncoding = 4; lastKnownFileType = sourcecode.swift; path = ChatMessagesUpdaterSpec.swift; sourceTree = "<group>"; };
		B27A9849D0D1701867E2D251 /* KinveyClient.swift */ = {isa = PBXFileReference; fileEncoding = 4; lastKnownFileType = sourcecode.swift; path = KinveyClient.swift; sourceTree = "<group>"; };
		B27A98B616E0F28EF7E2AB65 /* ChatMessagesUpdater.swift */ = {isa = PBXFileReference; fileEncoding = 4; lastKnownFileType = sourcecode.swift; path = ChatMessagesUpdater.swift; sourceTree = "<group>"; };
		B27A999C236AF47285536FF3 /* RegistrationViewController.swift */ = {isa = PBXFileReference; fileEncoding = 4; lastKnownFileType = sourcecode.swift; path = RegistrationViewController.swift; sourceTree = "<group>"; };
		B27A9A1D41033B1852F00DD1 /* UIViewExtension.swift */ = {isa = PBXFileReference; fileEncoding = 4; lastKnownFileType = sourcecode.swift; path = UIViewExtension.swift; sourceTree = "<group>"; };
		B27A9A38399A5ADBD05697B5 /* FakeKCSAppdataStore.swift */ = {isa = PBXFileReference; fileEncoding = 4; lastKnownFileType = sourcecode.swift; path = FakeKCSAppdataStore.swift; sourceTree = "<group>"; };
		B27A9ADDE170BA1A6E4E72CB /* FakeKinveyClient.swift */ = {isa = PBXFileReference; fileEncoding = 4; lastKnownFileType = sourcecode.swift; path = FakeKinveyClient.swift; sourceTree = "<group>"; };
		B27A9B29BDC4C309C082C252 /* DefaultChatMessagePresenter.swift */ = {isa = PBXFileReference; fileEncoding = 4; lastKnownFileType = sourcecode.swift; path = DefaultChatMessagePresenter.swift; sourceTree = "<group>"; };
		B27A9CBBDE9491E92A22EC40 /* AppDelegateSpec.swift */ = {isa = PBXFileReference; fileEncoding = 4; lastKnownFileType = sourcecode.swift; path = AppDelegateSpec.swift; sourceTree = "<group>"; };
		B27A9D1B07AB3C44C3BC9D92 /* AppDelegate.swift */ = {isa = PBXFileReference; fileEncoding = 4; lastKnownFileType = sourcecode.swift; path = AppDelegate.swift; sourceTree = "<group>"; };
		B27A9E299E617C9DCF0F5C1C /* DefaultChatMessagesProvider.swift */ = {isa = PBXFileReference; fileEncoding = 4; lastKnownFileType = sourcecode.swift; path = DefaultChatMessagesProvider.swift; sourceTree = "<group>"; };
		B27A9E39304421F191E9CD42 /* Assets.xcassets */ = {isa = PBXFileReference; lastKnownFileType = folder.assetcatalog; path = Assets.xcassets; sourceTree = "<group>"; };
		B27A9F339E198896D9FA2515 /* MobileAcademyStyleSheet.swift */ = {isa = PBXFileReference; fileEncoding = 4; lastKnownFileType = sourcecode.swift; path = MobileAcademyStyleSheet.swift; sourceTree = "<group>"; };
		B27A9F69A61694FD0E95A3A8 /* ChatMessage.swift */ = {isa = PBXFileReference; fileEncoding = 4; lastKnownFileType = sourcecode.swift; path = ChatMessage.swift; sourceTree = "<group>"; };
		B27A9FA3AE3DE8013A548CBD /* main.swift */ = {isa = PBXFileReference; fileEncoding = 4; lastKnownFileType = sourcecode.swift; path = main.swift; sourceTree = "<group>"; };
		CF77477B1D157D3997D6A846 /* Pods_UIKonf.framework */ = {isa = PBXFileReference; explicitFileType = wrapper.framework; includeInIndex = 0; path = Pods_UIKonf.framework; sourceTree = BUILT_PRODUCTS_DIR; };
		E5E8FA8EA6F04D43AF7990A4 /* Pods-UIKonfSpecs.release.xcconfig */ = {isa = PBXFileReference; includeInIndex = 1; lastKnownFileType = text.xcconfig; name = "Pods-UIKonfSpecs.release.xcconfig"; path = "Pods/Target Support Files/Pods-UIKonfSpecs/Pods-UIKonfSpecs.release.xcconfig"; sourceTree = "<group>"; };
/* End PBXFileReference section */

/* Begin PBXFrameworksBuildPhase section */
		4357E2141CCD0613004730FD /* Frameworks */ = {
			isa = PBXFrameworksBuildPhase;
			buildActionMask = 2147483647;
			files = (
				D16B82B074F1C2F50372E0B2 /* Pods_UIKonf.framework in Frameworks */,
			);
			runOnlyForDeploymentPostprocessing = 0;
		};
		4357E22F1CCD065F004730FD /* Frameworks */ = {
			isa = PBXFrameworksBuildPhase;
			buildActionMask = 2147483647;
			files = (
				7A840A9B92E97F66461EDB53 /* Pods_UIKonfSpecs.framework in Frameworks */,
			);
			runOnlyForDeploymentPostprocessing = 0;
		};
/* End PBXFrameworksBuildPhase section */

/* Begin PBXGroup section */
		1EDB8C79D3F20EA8892503F8 /* Chat Messages Sender */ = {
			isa = PBXGroup;
			children = (
				1EDB831DB500B5854E5DFB76 /* DefaultChatMessagesSender.swift */,
				1EDB8C8123DC867DA7EDBC1E /* DefaultChatMessagesSenderSpec.swift */,
			);
			path = "Chat Messages Sender";
			sourceTree = "<group>";
		};
		3D9245F6164E46236B2DC96B /* Frameworks */ = {
			isa = PBXGroup;
			children = (
				CF77477B1D157D3997D6A846 /* Pods_UIKonf.framework */,
				1F09412AE3DBE7C30F6BB30B /* Pods_UIKonfSpecs.framework */,
			);
			name = Frameworks;
			sourceTree = "<group>";
		};
		4357E20E1CCD0612004730FD = {
			isa = PBXGroup;
			children = (
				4357E2191CCD0613004730FD /* UIKonf */,
				4357E2331CCD065F004730FD /* UIKonfSpecs */,
				4357E2181CCD0613004730FD /* Products */,
				CB1F726C236B70143870B6E7 /* Pods */,
				3D9245F6164E46236B2DC96B /* Frameworks */,
			);
			sourceTree = "<group>";
		};
		4357E2181CCD0613004730FD /* Products */ = {
			isa = PBXGroup;
			children = (
				4357E2171CCD0613004730FD /* UIKonf.app */,
				4357E2321CCD065F004730FD /* UIKonfSpecs.xctest */,
			);
			name = Products;
			sourceTree = "<group>";
		};
		4357E2191CCD0613004730FD /* UIKonf */ = {
			isa = PBXGroup;
			children = (
				B27A902BC1B912FD1D69725D /* Source */,
				B27A967D0A7E826895889CB1 /* Supporting Files */,
			);
			path = UIKonf;
			sourceTree = "<group>";
		};
		4357E2331CCD065F004730FD /* UIKonfSpecs */ = {
			isa = PBXGroup;
			children = (
				4357E2361CCD065F004730FD /* Info.plist */,
				B27A9135C264A58B1EC7A4C1 /* Test Helpers */,
			);
			path = UIKonfSpecs;
			sourceTree = "<group>";
		};
		B27A902BC1B912FD1D69725D /* Source */ = {
			isa = PBXGroup;
			children = (
				B27A974AA22951AF61D6B94F /* Chat View */,
				B27A9103D77994CCDF7CE126 /* General */,
				B27A90C0323D4F5E6612F8BC /* Kinvey */,
				B27A904300F630A94B88B4AB /* Model */,
				B27A96668951CD139E1218CC /* Registration */,
				B27A9EFC6C0376EBFA5D0F3D /* Root View Controller */,
				B27A9061A739E07237F01118 /* Style Sheet */,
				B27A9D1B07AB3C44C3BC9D92 /* AppDelegate.swift */,
				B27A9CBBDE9491E92A22EC40 /* AppDelegateSpec.swift */,
			);
			path = Source;
			sourceTree = "<group>";
		};
		B27A9031716ADAAE9ED593D9 /* Chat Message Presenter */ = {
			isa = PBXGroup;
			children = (
				B27A9B29BDC4C309C082C252 /* DefaultChatMessagePresenter.swift */,
				B27A97E50E7FD916BAC8D536 /* DefaultChatMessagePresenterSpec.swift */,
			);
			path = "Chat Message Presenter";
			sourceTree = "<group>";
		};
		B27A90379A860E86685E8DDE /* Chat Messages Provider */ = {
			isa = PBXGroup;
			children = (
				B27A9E299E617C9DCF0F5C1C /* DefaultChatMessagesProvider.swift */,
				B27A93217A03664FBCDC2AC5 /* DefaultChatMessagesProviderSpec.swift */,
			);
			path = "Chat Messages Provider";
			sourceTree = "<group>";
		};
		B27A904300F630A94B88B4AB /* Model */ = {
			isa = PBXGroup;
			children = (
				B27A9F69A61694FD0E95A3A8 /* ChatMessage.swift */,
				B27A98B616E0F28EF7E2AB65 /* ChatMessagesUpdater.swift */,
				B27A9825F74CD9E375389E05 /* ChatMessagesUpdaterSpec.swift */,
			);
			path = Model;
			sourceTree = "<group>";
		};
		B27A9061A739E07237F01118 /* Style Sheet */ = {
			isa = PBXGroup;
			children = (
				B27A9F339E198896D9FA2515 /* MobileAcademyStyleSheet.swift */,
			);
			path = "Style Sheet";
			sourceTree = "<group>";
		};
		B27A90C0323D4F5E6612F8BC /* Kinvey */ = {
			isa = PBXGroup;
			children = (
				B27A9849D0D1701867E2D251 /* KinveyClient.swift */,
			);
			path = Kinvey;
			sourceTree = "<group>";
		};
		B27A9103D77994CCDF7CE126 /* General */ = {
			isa = PBXGroup;
			children = (
				B27A9A1D41033B1852F00DD1 /* UIViewExtension.swift */,
			);
			path = General;
			sourceTree = "<group>";
		};
		B27A9135C264A58B1EC7A4C1 /* Test Helpers */ = {
			isa = PBXGroup;
			children = (
				B27A9ADDE170BA1A6E4E72CB /* FakeKinveyClient.swift */,
				B27A9193D7752D34ACC48DC5 /* Kinvey */,
				B27A95BA58441CB66F1E8CC5 /* FakeChatMessagesUpdater.swift */,
			);
			path = "Test Helpers";
			sourceTree = "<group>";
		};
		B27A9193D7752D34ACC48DC5 /* Kinvey */ = {
			isa = PBXGroup;
			children = (
				B27A9A38399A5ADBD05697B5 /* FakeKCSAppdataStore.swift */,
			);
			path = Kinvey;
			sourceTree = "<group>";
		};
		B27A95910D9A73D9668542D5 /* View */ = {
			isa = PBXGroup;
			children = (
				43A40BC31CD8FCB500488D42 /* ChatTableViewCell.xib */,
			);
			path = View;
			sourceTree = "<group>";
		};
		B27A96668951CD139E1218CC /* Registration */ = {
			isa = PBXGroup;
			children = (
				B27A999C236AF47285536FF3 /* RegistrationViewController.swift */,
				437B0B681CF08B9B004F4204 /* RegistrationViewController.xib */,
			);
			path = Registration;
			sourceTree = "<group>";
		};
		B27A967D0A7E826895889CB1 /* Supporting Files */ = {
			isa = PBXGroup;
			children = (
				B27A95444A812E7A42F141E6 /* LaunchScreen.storyboard */,
				B27A91F262BBB86152045C65 /* Info.plist */,
				B27A9E39304421F191E9CD42 /* Assets.xcassets */,
				B27A9FA3AE3DE8013A548CBD /* main.swift */,
				B27A92CAE7610D2F0DCE9343 /* UIKonf-Bridging-Header.h */,
			);
			path = "Supporting Files";
			sourceTree = "<group>";
		};
		B27A974AA22951AF61D6B94F /* Chat View */ = {
			isa = PBXGroup;
			children = (
				B27A95910D9A73D9668542D5 /* View */,
				B27A90379A860E86685E8DDE /* Chat Messages Provider */,
				B27A9031716ADAAE9ED593D9 /* Chat Message Presenter */,
				1EDB8C79D3F20EA8892503F8 /* Chat Messages Sender */,
				B27A970E3D50B77F0E96B00C /* ChatViewController.swift */,
				B27A94E4BE8B218D135200FD /* ChatViewControllerSpec.swift */,
			);
			path = "Chat View";
			sourceTree = "<group>";
		};
		B27A9EFC6C0376EBFA5D0F3D /* Root View Controller */ = {
			isa = PBXGroup;
			children = (
				B27A96106A2C16DF90F29EC7 /* RootViewController.swift */,
				B27A979A9E2ECAD5BA330462 /* RootViewControllerSpec.swift */,
			);
			path = "Root View Controller";
			sourceTree = "<group>";
		};
		CB1F726C236B70143870B6E7 /* Pods */ = {
			isa = PBXGroup;
			children = (
				229477A8215AB044BBFA42B5 /* Pods-UIKonf.debug.xcconfig */,
				9937B5DC2285EC7597E8D1AD /* Pods-UIKonf.release.xcconfig */,
				313F169BCE9F3788FBABD2D9 /* Pods-UIKonfSpecs.debug.xcconfig */,
				E5E8FA8EA6F04D43AF7990A4 /* Pods-UIKonfSpecs.release.xcconfig */,
			);
			name = Pods;
			sourceTree = "<group>";
		};
/* End PBXGroup section */

/* Begin PBXNativeTarget section */
		4357E2161CCD0613004730FD /* UIKonf */ = {
			isa = PBXNativeTarget;
			buildConfigurationList = 4357E22B1CCD0613004730FD /* Build configuration list for PBXNativeTarget "UIKonf" */;
			buildPhases = (
				C5FC9FEB198FE1222B7FDF97 /* uD83DuDCE6 Check Pods Manifest.lock */,
				4357E2131CCD0613004730FD /* Sources */,
				4357E2141CCD0613004730FD /* Frameworks */,
				4357E2151CCD0613004730FD /* Resources */,
				19F9A5B07A9AE467DD5843C7 /* uD83DuDCE6 Embed Pods Frameworks */,
				5DC1396A1F96AF8E2AEC40E6 /* uD83DuDCE6 Copy Pods Resources */,
				D55760518C9876FAB9085971 /* Embed Pods Frameworks */,
			);
			buildRules = (
			);
			dependencies = (
			);
			name = UIKonf;
			productName = UIKonf;
			productReference = 4357E2171CCD0613004730FD /* UIKonf.app */;
			productType = "com.apple.product-type.application";
		};
		4357E2311CCD065F004730FD /* UIKonfSpecs */ = {
			isa = PBXNativeTarget;
			buildConfigurationList = 4357E2391CCD065F004730FD /* Build configuration list for PBXNativeTarget "UIKonfSpecs" */;
			buildPhases = (
				79E2B3C75F915312275F0D4B /* uD83DuDCE6 Check Pods Manifest.lock */,
				4357E22E1CCD065F004730FD /* Sources */,
				4357E22F1CCD065F004730FD /* Frameworks */,
				4357E2301CCD065F004730FD /* Resources */,
				09CDE8A4828EA8BBB5A1E92F /* uD83DuDCE6 Embed Pods Frameworks */,
				B3F53CB844684515C8C7ACEA /* uD83DuDCE6 Copy Pods Resources */,
				CAA414BA8994F108D1AA024E /* Embed Pods Frameworks */,
			);
			buildRules = (
			);
			dependencies = (
				4357E2381CCD065F004730FD /* PBXTargetDependency */,
			);
			name = UIKonfSpecs;
			productName = UIKonfSpecs;
			productReference = 4357E2321CCD065F004730FD /* UIKonfSpecs.xctest */;
			productType = "com.apple.product-type.bundle.unit-test";
		};
/* End PBXNativeTarget section */

/* Begin PBXProject section */
		4357E20F1CCD0612004730FD /* Project object */ = {
			isa = PBXProject;
			attributes = {
				LastSwiftUpdateCheck = 0730;
				LastUpgradeCheck = 0730;
				ORGANIZATIONNAME = "Mobile Academy";
				TargetAttributes = {
					4357E2161CCD0613004730FD = {
						CreatedOnToolsVersion = 7.3;
					};
					4357E2311CCD065F004730FD = {
						CreatedOnToolsVersion = 7.3;
						TestTargetID = 4357E2161CCD0613004730FD;
					};
				};
			};
			buildConfigurationList = 4357E2121CCD0612004730FD /* Build configuration list for PBXProject "UIKonf" */;
			compatibilityVersion = "Xcode 3.2";
			developmentRegion = English;
			hasScannedForEncodings = 0;
			knownRegions = (
				en,
				Base,
			);
			mainGroup = 4357E20E1CCD0612004730FD;
			productRefGroup = 4357E2181CCD0613004730FD /* Products */;
			projectDirPath = "";
			projectRoot = "";
			targets = (
				4357E2161CCD0613004730FD /* UIKonf */,
				4357E2311CCD065F004730FD /* UIKonfSpecs */,
			);
		};
/* End PBXProject section */

/* Begin PBXResourcesBuildPhase section */
		4357E2151CCD0613004730FD /* Resources */ = {
			isa = PBXResourcesBuildPhase;
			buildActionMask = 2147483647;
			files = (
				B27A9768CFF4193320E31F62 /* LaunchScreen.storyboard in Resources */,
				437B0B691CF08B9B004F4204 /* RegistrationViewController.xib in Resources */,
				43A40BC41CD8FCB500488D42 /* ChatTableViewCell.xib in Resources */,
				B27A9D0FD6BC839DFD6C8529 /* Assets.xcassets in Resources */,
			);
			runOnlyForDeploymentPostprocessing = 0;
		};
		4357E2301CCD065F004730FD /* Resources */ = {
			isa = PBXResourcesBuildPhase;
			buildActionMask = 2147483647;
			files = (
			);
			runOnlyForDeploymentPostprocessing = 0;
		};
/* End PBXResourcesBuildPhase section */

/* Begin PBXShellScriptBuildPhase section */
		09CDE8A4828EA8BBB5A1E92F /* uD83DuDCE6 Embed Pods Frameworks */ = {
			isa = PBXShellScriptBuildPhase;
			buildActionMask = 2147483647;
			files = (
			);
			inputPaths = (
			);
			name = "uD83DuDCE6 Embed Pods Frameworks";
			outputPaths = (
			);
			runOnlyForDeploymentPostprocessing = 0;
			shellPath = /bin/sh;
			shellScript = "\"${SRCROOT}/Pods/Target Support Files/Pods-UIKonfSpecs/Pods-UIKonfSpecs-frameworks.sh\"\n";
			showEnvVarsInLog = 0;
		};
		19F9A5B07A9AE467DD5843C7 /* uD83DuDCE6 Embed Pods Frameworks */ = {
			isa = PBXShellScriptBuildPhase;
			buildActionMask = 2147483647;
			files = (
			);
			inputPaths = (
			);
			name = "uD83DuDCE6 Embed Pods Frameworks";
			outputPaths = (
			);
			runOnlyForDeploymentPostprocessing = 0;
			shellPath = /bin/sh;
			shellScript = "\"${SRCROOT}/Pods/Target Support Files/Pods-UIKonf/Pods-UIKonf-frameworks.sh\"\n";
			showEnvVarsInLog = 0;
		};
		5DC1396A1F96AF8E2AEC40E6 /* uD83DuDCE6 Copy Pods Resources */ = {
			isa = PBXShellScriptBuildPhase;
			buildActionMask = 2147483647;
			files = (
			);
			inputPaths = (
			);
			name = "uD83DuDCE6 Copy Pods Resources";
			outputPaths = (
			);
			runOnlyForDeploymentPostprocessing = 0;
			shellPath = /bin/sh;
			shellScript = "\"${SRCROOT}/Pods/Target Support Files/Pods-UIKonf/Pods-UIKonf-resources.sh\"\n";
			showEnvVarsInLog = 0;
		};
		79E2B3C75F915312275F0D4B /* uD83DuDCE6 Check Pods Manifest.lock */ = {
			isa = PBXShellScriptBuildPhase;
			buildActionMask = 2147483647;
			files = (
			);
			inputPaths = (
			);
			name = "uD83DuDCE6 Check Pods Manifest.lock";
			outputPaths = (
			);
			runOnlyForDeploymentPostprocessing = 0;
			shellPath = /bin/sh;
			shellScript = "diff \"${PODS_ROOT}/../Podfile.lock\" \"${PODS_ROOT}/Manifest.lock\" > /dev/null\nif [[ $? != 0 ]] ; then\n    cat << EOM\nerror: The sandbox is not in sync with the Podfile.lock. Run 'pod install' or update your CocoaPods installation.\nEOM\n    exit 1\nfi\n";
			showEnvVarsInLog = 0;
		};
		B3F53CB844684515C8C7ACEA /* uD83DuDCE6 Copy Pods Resources */ = {
			isa = PBXShellScriptBuildPhase;
			buildActionMask = 2147483647;
			files = (
			);
			inputPaths = (
			);
			name = "uD83DuDCE6 Copy Pods Resources";
			outputPaths = (
			);
			runOnlyForDeploymentPostprocessing = 0;
			shellPath = /bin/sh;
			shellScript = "\"${SRCROOT}/Pods/Target Support Files/Pods-UIKonfSpecs/Pods-UIKonfSpecs-resources.sh\"\n";
			showEnvVarsInLog = 0;
		};
		C5FC9FEB198FE1222B7FDF97 /* uD83DuDCE6 Check Pods Manifest.lock */ = {
			isa = PBXShellScriptBuildPhase;
			buildActionMask = 2147483647;
			files = (
			);
			inputPaths = (
			);
			name = "uD83DuDCE6 Check Pods Manifest.lock";
			outputPaths = (
			);
			runOnlyForDeploymentPostprocessing = 0;
			shellPath = /bin/sh;
			shellScript = "diff \"${PODS_ROOT}/../Podfile.lock\" \"${PODS_ROOT}/Manifest.lock\" > /dev/null\nif [[ $? != 0 ]] ; then\n    cat << EOM\nerror: The sandbox is not in sync with the Podfile.lock. Run 'pod install' or update your CocoaPods installation.\nEOM\n    exit 1\nfi\n";
			showEnvVarsInLog = 0;
		};
		CAA414BA8994F108D1AA024E /* Embed Pods Frameworks */ = {
			isa = PBXShellScriptBuildPhase;
			buildActionMask = 2147483647;
			files = (
			);
			inputPaths = (
			);
			name = "Embed Pods Frameworks";
			outputPaths = (
			);
			runOnlyForDeploymentPostprocessing = 0;
			shellPath = /bin/sh;
			shellScript = "\"${SRCROOT}/Pods/Target Support Files/Pods-UIKonfSpecs/Pods-UIKonfSpecs-frameworks.sh\"\n";
			showEnvVarsInLog = 0;
		};
		D55760518C9876FAB9085971 /* Embed Pods Frameworks */ = {
			isa = PBXShellScriptBuildPhase;
			buildActionMask = 2147483647;
			files = (
			);
			inputPaths = (
			);
			name = "Embed Pods Frameworks";
			outputPaths = (
			);
			runOnlyForDeploymentPostprocessing = 0;
			shellPath = /bin/sh;
			shellScript = "\"${SRCROOT}/Pods/Target Support Files/Pods-UIKonf/Pods-UIKonf-frameworks.sh\"\n";
			showEnvVarsInLog = 0;
		};
/* End PBXShellScriptBuildPhase section */

/* Begin PBXSourcesBuildPhase section */
		4357E2131CCD0613004730FD /* Sources */ = {
			isa = PBXSourcesBuildPhase;
			buildActionMask = 2147483647;
			files = (
				B27A9EC77FD0FF36CCE8A7AB /* AppDelegate.swift in Sources */,
				B27A9BC37A7131F6BB6A7BB5 /* RootViewController.swift in Sources */,
				B27A98AE27C22B77B61241E8 /* ChatViewController.swift in Sources */,
				B27A971516490A55B047191C /* ChatMessage.swift in Sources */,
				B27A9153025B699FA6BE2FEB /* DefaultChatMessagesProvider.swift in Sources */,
				B27A9FDA543B8C2AFB04FF07 /* ChatMessagesUpdater.swift in Sources */,
				B27A939123D1D433E6D334A3 /* MobileAcademyStyleSheet.swift in Sources */,
				B27A9F39FB9D811F0F4B941F /* UIViewExtension.swift in Sources */,
				B27A91A43A9005838B7104C1 /* main.swift in Sources */,
				B27A93F55967C178F3CC4E1D /* KinveyClient.swift in Sources */,
				B27A9A8F0BBE06E70BB5E177 /* DefaultChatMessagePresenter.swift in Sources */,
				B27A922BB503FC1CEA96BDDC /* RegistrationViewController.swift in Sources */,
				1EDB822CDA6033EB4B656EE0 /* DefaultChatMessagesSender.swift in Sources */,
			);
			runOnlyForDeploymentPostprocessing = 0;
		};
		4357E22E1CCD065F004730FD /* Sources */ = {
			isa = PBXSourcesBuildPhase;
			buildActionMask = 2147483647;
			files = (
				B27A9BBCB663409592CCE0CF /* ChatViewControllerSpec.swift in Sources */,
				B27A948C489AAC5C32CBFD57 /* RootViewControllerSpec.swift in Sources */,
				B27A9BD95F15929E428CB328 /* AppDelegateSpec.swift in Sources */,
				B27A9A91F6398FC28AB879BE /* FakeKinveyClient.swift in Sources */,
				B27A93E2000C6CDBFB4B261F /* ChatMessagesUpdaterSpec.swift in Sources */,
				B27A986F023FF1C97D7C3F72 /* FakeKCSAppdataStore.swift in Sources */,
				B27A94448029F71FA1DB7E81 /* DefaultChatMessagesProviderSpec.swift in Sources */,
				B27A991D0CF4556A8A90AB98 /* FakeChatMessagesUpdater.swift in Sources */,
				B27A97E3573339E3E2345DD1 /* DefaultChatMessagePresenterSpec.swift in Sources */,
				1EDB8D94A0B5926BC6EFE11F /* DefaultChatMessagesSenderSpec.swift in Sources */,
			);
			runOnlyForDeploymentPostprocessing = 0;
		};
/* End PBXSourcesBuildPhase section */

/* Begin PBXTargetDependency section */
		4357E2381CCD065F004730FD /* PBXTargetDependency */ = {
			isa = PBXTargetDependency;
			target = 4357E2161CCD0613004730FD /* UIKonf */;
			targetProxy = 4357E2371CCD065F004730FD /* PBXContainerItemProxy */;
		};
/* End PBXTargetDependency section */

/* Begin PBXVariantGroup section */
		B27A95444A812E7A42F141E6 /* LaunchScreen.storyboard */ = {
			isa = PBXVariantGroup;
			children = (
				B27A919EA983473CEC0D70DA /* Base */,
			);
			name = LaunchScreen.storyboard;
			sourceTree = "<group>";
		};
/* End PBXVariantGroup section */

/* Begin XCBuildConfiguration section */
		4357E2291CCD0613004730FD /* Debug */ = {
			isa = XCBuildConfiguration;
			buildSettings = {
				ALWAYS_SEARCH_USER_PATHS = NO;
				CLANG_ANALYZER_NONNULL = YES;
				CLANG_CXX_LANGUAGE_STANDARD = "gnu++0x";
				CLANG_CXX_LIBRARY = "libc++";
				CLANG_ENABLE_MODULES = YES;
				CLANG_ENABLE_OBJC_ARC = YES;
				CLANG_WARN_BOOL_CONVERSION = YES;
				CLANG_WARN_CONSTANT_CONVERSION = YES;
				CLANG_WARN_DIRECT_OBJC_ISA_USAGE = YES_ERROR;
				CLANG_WARN_EMPTY_BODY = YES;
				CLANG_WARN_ENUM_CONVERSION = YES;
				CLANG_WARN_INT_CONVERSION = YES;
				CLANG_WARN_OBJC_ROOT_CLASS = YES_ERROR;
				CLANG_WARN_UNREACHABLE_CODE = YES;
				CLANG_WARN__DUPLICATE_METHOD_MATCH = YES;
				"CODE_SIGN_IDENTITY[sdk=iphoneos*]" = "iPhone Developer";
				COPY_PHASE_STRIP = NO;
				DEBUG_INFORMATION_FORMAT = dwarf;
				ENABLE_STRICT_OBJC_MSGSEND = YES;
				ENABLE_TESTABILITY = YES;
				GCC_C_LANGUAGE_STANDARD = gnu99;
				GCC_DYNAMIC_NO_PIC = NO;
				GCC_NO_COMMON_BLOCKS = YES;
				GCC_OPTIMIZATION_LEVEL = 0;
				GCC_PREPROCESSOR_DEFINITIONS = (
					"DEBUG=1",
					"$(inherited)",
				);
				GCC_WARN_64_TO_32_BIT_CONVERSION = YES;
				GCC_WARN_ABOUT_RETURN_TYPE = YES_ERROR;
				GCC_WARN_UNDECLARED_SELECTOR = YES;
				GCC_WARN_UNINITIALIZED_AUTOS = YES_AGGRESSIVE;
				GCC_WARN_UNUSED_FUNCTION = YES;
				GCC_WARN_UNUSED_VARIABLE = YES;
				IPHONEOS_DEPLOYMENT_TARGET = 9.3;
				MTL_ENABLE_DEBUG_INFO = YES;
				ONLY_ACTIVE_ARCH = YES;
				SDKROOT = iphoneos;
				SWIFT_OPTIMIZATION_LEVEL = "-Onone";
			};
			name = Debug;
		};
		4357E22A1CCD0613004730FD /* Release */ = {
			isa = XCBuildConfiguration;
			buildSettings = {
				ALWAYS_SEARCH_USER_PATHS = NO;
				CLANG_ANALYZER_NONNULL = YES;
				CLANG_CXX_LANGUAGE_STANDARD = "gnu++0x";
				CLANG_CXX_LIBRARY = "libc++";
				CLANG_ENABLE_MODULES = YES;
				CLANG_ENABLE_OBJC_ARC = YES;
				CLANG_WARN_BOOL_CONVERSION = YES;
				CLANG_WARN_CONSTANT_CONVERSION = YES;
				CLANG_WARN_DIRECT_OBJC_ISA_USAGE = YES_ERROR;
				CLANG_WARN_EMPTY_BODY = YES;
				CLANG_WARN_ENUM_CONVERSION = YES;
				CLANG_WARN_INT_CONVERSION = YES;
				CLANG_WARN_OBJC_ROOT_CLASS = YES_ERROR;
				CLANG_WARN_UNREACHABLE_CODE = YES;
				CLANG_WARN__DUPLICATE_METHOD_MATCH = YES;
				"CODE_SIGN_IDENTITY[sdk=iphoneos*]" = "iPhone Developer";
				COPY_PHASE_STRIP = NO;
				DEBUG_INFORMATION_FORMAT = "dwarf-with-dsym";
				ENABLE_NS_ASSERTIONS = NO;
				ENABLE_STRICT_OBJC_MSGSEND = YES;
				GCC_C_LANGUAGE_STANDARD = gnu99;
				GCC_NO_COMMON_BLOCKS = YES;
				GCC_WARN_64_TO_32_BIT_CONVERSION = YES;
				GCC_WARN_ABOUT_RETURN_TYPE = YES_ERROR;
				GCC_WARN_UNDECLARED_SELECTOR = YES;
				GCC_WARN_UNINITIALIZED_AUTOS = YES_AGGRESSIVE;
				GCC_WARN_UNUSED_FUNCTION = YES;
				GCC_WARN_UNUSED_VARIABLE = YES;
				IPHONEOS_DEPLOYMENT_TARGET = 9.3;
				MTL_ENABLE_DEBUG_INFO = NO;
				SDKROOT = iphoneos;
				VALIDATE_PRODUCT = YES;
			};
			name = Release;
		};
		4357E22C1CCD0613004730FD /* Debug */ = {
			isa = XCBuildConfiguration;
			baseConfigurationReference = 229477A8215AB044BBFA42B5 /* Pods-UIKonf.debug.xcconfig */;
			buildSettings = {
				ASSETCATALOG_COMPILER_APPICON_NAME = AppIcon;
				CLANG_ENABLE_MODULES = YES;
				INFOPLIST_FILE = "UIKonf/Supporting Files/Info.plist";
				LD_RUNPATH_SEARCH_PATHS = "$(inherited) @executable_path/Frameworks";
				PRODUCT_BUNDLE_IDENTIFIER = "io.mobile-academy.UIKonf";
				PRODUCT_NAME = "$(TARGET_NAME)";
				SWIFT_OBJC_BRIDGING_HEADER = "UIKonf/Supporting Files/UIKonf-Bridging-Header.h";
				SWIFT_OPTIMIZATION_LEVEL = "-Onone";
			};
			name = Debug;
		};
		4357E22D1CCD0613004730FD /* Release */ = {
			isa = XCBuildConfiguration;
			baseConfigurationReference = 9937B5DC2285EC7597E8D1AD /* Pods-UIKonf.release.xcconfig */;
			buildSettings = {
				ASSETCATALOG_COMPILER_APPICON_NAME = AppIcon;
				CLANG_ENABLE_MODULES = YES;
				INFOPLIST_FILE = "UIKonf/Supporting Files/Info.plist";
				LD_RUNPATH_SEARCH_PATHS = "$(inherited) @executable_path/Frameworks";
				PRODUCT_BUNDLE_IDENTIFIER = "io.mobile-academy.UIKonf";
				PRODUCT_NAME = "$(TARGET_NAME)";
				SWIFT_OBJC_BRIDGING_HEADER = "UIKonf/Supporting Files/UIKonf-Bridging-Header.h";
			};
			name = Release;
		};
		4357E23A1CCD065F004730FD /* Debug */ = {
			isa = XCBuildConfiguration;
			baseConfigurationReference = 313F169BCE9F3788FBABD2D9 /* Pods-UIKonfSpecs.debug.xcconfig */;
			buildSettings = {
				BUNDLE_LOADER = "$(TEST_HOST)";
				HEADER_SEARCH_PATHS = (
					"\"${PODS_ROOT}/Headers/Public/KinveyKit\"",
					"\"${PODS_ROOT}/Headers/Public\"",
				);
				INFOPLIST_FILE = UIKonfSpecs/Info.plist;
				LD_RUNPATH_SEARCH_PATHS = "$(inherited) @executable_path/Frameworks @loader_path/Frameworks";
				PRODUCT_BUNDLE_IDENTIFIER = "io.mobile-academy.UIKonfSpecs";
				PRODUCT_NAME = "$(TARGET_NAME)";
				TEST_HOST = "$(BUILT_PRODUCTS_DIR)/UIKonf.app/UIKonf";
			};
			name = Debug;
		};
		4357E23B1CCD065F004730FD /* Release */ = {
			isa = XCBuildConfiguration;
			baseConfigurationReference = E5E8FA8EA6F04D43AF7990A4 /* Pods-UIKonfSpecs.release.xcconfig */;
			buildSettings = {
				BUNDLE_LOADER = "$(TEST_HOST)";
				HEADER_SEARCH_PATHS = (
					"\"${PODS_ROOT}/Headers/Public/KinveyKit\"",
					"\"${PODS_ROOT}/Headers/Public\"",
				);
				INFOPLIST_FILE = UIKonfSpecs/Info.plist;
				LD_RUNPATH_SEARCH_PATHS = "$(inherited) @executable_path/Frameworks @loader_path/Frameworks";
				PRODUCT_BUNDLE_IDENTIFIER = "io.mobile-academy.UIKonfSpecs";
				PRODUCT_NAME = "$(TARGET_NAME)";
				TEST_HOST = "$(BUILT_PRODUCTS_DIR)/UIKonf.app/UIKonf";
			};
			name = Release;
		};
/* End XCBuildConfiguration section */

/* Begin XCConfigurationList section */
		4357E2121CCD0612004730FD /* Build configuration list for PBXProject "UIKonf" */ = {
			isa = XCConfigurationList;
			buildConfigurations = (
				4357E2291CCD0613004730FD /* Debug */,
				4357E22A1CCD0613004730FD /* Release */,
			);
			defaultConfigurationIsVisible = 0;
			defaultConfigurationName = Release;
		};
		4357E22B1CCD0613004730FD /* Build configuration list for PBXNativeTarget "UIKonf" */ = {
			isa = XCConfigurationList;
			buildConfigurations = (
				4357E22C1CCD0613004730FD /* Debug */,
				4357E22D1CCD0613004730FD /* Release */,
			);
			defaultConfigurationIsVisible = 0;
			defaultConfigurationName = Release;
		};
		4357E2391CCD065F004730FD /* Build configuration list for PBXNativeTarget "UIKonfSpecs" */ = {
			isa = XCConfigurationList;
			buildConfigurations = (
				4357E23A1CCD065F004730FD /* Debug */,
				4357E23B1CCD065F004730FD /* Release */,
			);
			defaultConfigurationIsVisible = 0;
			defaultConfigurationName = Release;
		};
/* End XCConfigurationList section */
	};
	rootObject = 4357E20F1CCD0612004730FD /* Project object */;
}
